
Microsoft Visual Studio Solution File, Format Version 12.00
# Visual Studio Version 17
VisualStudioVersion = 17.11.35327.3
MinimumVisualStudioVersion = 10.0.40219.1
Project("{9A19103F-16F7-4668-BE54-9A1E7A4F7556}") = "App", "F:\APICSharpJSFetch\App\App.csproj", "{9F3BF0CE-B143-4726-A718-E2FFA3B9C3AE}"
EndProject
Project("{FAE04EC0-301F-11D3-BF4B-00C04F79EFBC}") = "API", "API\API.csproj", "{E76C1925-526D-4096-BD9D-8631665318A5}"
EndProject
Global
	GlobalSection(SolutionConfigurationPlatforms) = preSolution
		Debug|Any CPU = Debug|Any CPU
		Release|Any CPU = Release|Any CPU
	EndGlobalSection
	GlobalSection(ProjectConfigurationPlatforms) = postSolution
		{9F3BF0CE-B143-4726-A718-E2FFA3B9C3AE}.Debug|Any CPU.ActiveCfg = Debug|Any CPU
		{9F3BF0CE-B143-4726-A718-E2FFA3B9C3AE}.Debug|Any CPU.Build.0 = Debug|Any CPU
		{9F3BF0CE-B143-4726-A718-E2FFA3B9C3AE}.Release|Any CPU.ActiveCfg = Release|Any CPU
		{9F3BF0CE-B143-4726-A718-E2FFA3B9C3AE}.Release|Any CPU.Build.0 = Release|Any CPU
		{E76C1925-526D-4096-BD9D-8631665318A5}.Debug|Any CPU.ActiveCfg = Debug|Any CPU
		{E76C1925-526D-4096-BD9D-8631665318A5}.Debug|Any CPU.Build.0 = Debug|Any CPU
		{E76C1925-526D-4096-BD9D-8631665318A5}.Release|Any CPU.ActiveCfg = Release|Any CPU
		{E76C1925-526D-4096-BD9D-8631665318A5}.Release|Any CPU.Build.0 = Release|Any CPU
	EndGlobalSection
	GlobalSection(SolutionProperties) = preSolution
		HideSolutionNode = FALSE
	EndGlobalSection
	GlobalSection(ExtensibilityGlobals) = postSolution
		SolutionGuid = {363B86C7-6EC4-41F9-BAA7-45E48542504A}
	EndGlobalSection
EndGlobal
